// !$*UTF8*$!
{
	archiveVersion = 1;
	classes = {
	};
	objectVersion = 46;
	objects = {

/* Begin PBXBuildFile section */
		DE304BC31DF64900005EEA29 /* AppDelegate.swift in Sources */ = {isa = PBXBuildFile; fileRef = DE304BC21DF64900005EEA29 /* AppDelegate.swift */; };
		DE304BC51DF64900005EEA29 /* ViewController.swift in Sources */ = {isa = PBXBuildFile; fileRef = DE304BC41DF64900005EEA29 /* ViewController.swift */; };
		DE304BC81DF64900005EEA29 /* Main.storyboard in Resources */ = {isa = PBXBuildFile; fileRef = DE304BC61DF64900005EEA29 /* Main.storyboard */; };
		DE304BCA1DF64900005EEA29 /* Assets.xcassets in Resources */ = {isa = PBXBuildFile; fileRef = DE304BC91DF64900005EEA29 /* Assets.xcassets */; };
		DE304BCD1DF64900005EEA29 /* LaunchScreen.storyboard in Resources */ = {isa = PBXBuildFile; fileRef = DE304BCB1DF64900005EEA29 /* LaunchScreen.storyboard */; };
		DEE27D961DF65EE30092C134 /* SubjectsViewController.swift in Sources */ = {isa = PBXBuildFile; fileRef = DEE27D951DF65EE30092C134 /* SubjectsViewController.swift */; };
/* End PBXBuildFile section */

/* Begin PBXFileReference section */
		DE304BBF1DF64900005EEA29 /* Lernie.app */ = {isa = PBXFileReference; explicitFileType = wrapper.application; includeInIndex = 0; path = Lernie.app; sourceTree = BUILT_PRODUCTS_DIR; };
		DE304BC21DF64900005EEA29 /* AppDelegate.swift */ = {isa = PBXFileReference; lastKnownFileType = sourcecode.swift; path = AppDelegate.swift; sourceTree = "<group>"; };
		DE304BC41DF64900005EEA29 /* ViewController.swift */ = {isa = PBXFileReference; lastKnownFileType = sourcecode.swift; path = ViewController.swift; sourceTree = "<group>"; };
		DE304BC71DF64900005EEA29 /* Base */ = {isa = PBXFileReference; lastKnownFileType = file.storyboard; name = Base; path = Base.lproj/Main.storyboard; sourceTree = "<group>"; };
		DE304BC91DF64900005EEA29 /* Assets.xcassets */ = {isa = PBXFileReference; lastKnownFileType = folder.assetcatalog; path = Assets.xcassets; sourceTree = "<group>"; };
		DE304BCC1DF64900005EEA29 /* Base */ = {isa = PBXFileReference; lastKnownFileType = file.storyboard; name = Base; path = Base.lproj/LaunchScreen.storyboard; sourceTree = "<group>"; };
		DE304BCE1DF64900005EEA29 /* Info.plist */ = {isa = PBXFileReference; lastKnownFileType = text.plist.xml; path = Info.plist; sourceTree = "<group>"; };
		DEE27D951DF65EE30092C134 /* SubjectsViewController.swift */ = {isa = PBXFileReference; fileEncoding = 4; lastKnownFileType = sourcecode.swift; name = SubjectsViewController.swift; path = ../SubjectsViewController.swift; sourceTree = "<group>"; };
/* End PBXFileReference section */

/* Begin PBXFrameworksBuildPhase section */
		DE304BBC1DF648FF005EEA29 /* Frameworks */ = {
			isa = PBXFrameworksBuildPhase;
			buildActionMask = 2147483647;
			files = (
			);
			runOnlyForDeploymentPostprocessing = 0;
		};
/* End PBXFrameworksBuildPhase section */

/* Begin PBXGroup section */
		DE304BB61DF648FF005EEA29 = {
			isa = PBXGroup;
			children = (
				DE304BC11DF64900005EEA29 /* Lernie */,
				DE304BC01DF64900005EEA29 /* Products */,
			);
			sourceTree = "<group>";
		};
		DE304BC01DF64900005EEA29 /* Products */ = {
			isa = PBXGroup;
			children = (
				DE304BBF1DF64900005EEA29 /* Lernie.app */,
			);
			name = Products;
			sourceTree = "<group>";
		};
		DE304BC11DF64900005EEA29 /* Lernie */ = {
			isa = PBXGroup;
			children = (
				DE304BC21DF64900005EEA29 /* AppDelegate.swift */,
				DE304BC41DF64900005EEA29 /* ViewController.swift */,
				DEE27D951DF65EE30092C134 /* SubjectsViewController.swift */,
				DE304BC61DF64900005EEA29 /* Main.storyboard */,
				DE304BC91DF64900005EEA29 /* Assets.xcassets */,
				DE304BCB1DF64900005EEA29 /* LaunchScreen.storyboard */,
				DE304BCE1DF64900005EEA29 /* Info.plist */,
			);
			path = Lernie;
			sourceTree = "<group>";
		};
/* End PBXGroup section */

/* Begin PBXNativeTarget section */
		DE304BBE1DF648FF005EEA29 /* Lernie */ = {
			isa = PBXNativeTarget;
			buildConfigurationList = DE304BD11DF64900005EEA29 /* Build configuration list for PBXNativeTarget "Lernie" */;
			buildPhases = (
				DE304BBB1DF648FF005EEA29 /* Sources */,
				DE304BBC1DF648FF005EEA29 /* Frameworks */,
				DE304BBD1DF648FF005EEA29 /* Resources */,
			);
			buildRules = (
			);
			dependencies = (
			);
			name = Lernie;
			productName = Lernie;
			productReference = DE304BBF1DF64900005EEA29 /* Lernie.app */;
			productType = "com.apple.product-type.application";
		};
/* End PBXNativeTarget section */

/* Begin PBXProject section */
		DE304BB71DF648FF005EEA29 /* Project object */ = {
			isa = PBXProject;
			attributes = {
				LastSwiftUpdateCheck = 0800;
				LastUpgradeCheck = 0800;
				ORGANIZATIONNAME = "Richard Surjadi";
				TargetAttributes = {
					DE304BBE1DF648FF005EEA29 = {
						CreatedOnToolsVersion = 8.0;
						DevelopmentTeam = WEBUB3D3P3;
						ProvisioningStyle = Automatic;
					};
				};
			};
			buildConfigurationList = DE304BBA1DF648FF005EEA29 /* Build configuration list for PBXProject "Lernie" */;
			compatibilityVersion = "Xcode 3.2";
			developmentRegion = English;
			hasScannedForEncodings = 0;
			knownRegions = (
				en,
				Base,
			);
			mainGroup = DE304BB61DF648FF005EEA29;
			productRefGroup = DE304BC01DF64900005EEA29 /* Products */;
			projectDirPath = "";
			projectRoot = "";
			targets = (
				DE304BBE1DF648FF005EEA29 /* Lernie */,
			);
		};
/* End PBXProject section */

/* Begin PBXResourcesBuildPhase section */
		DE304BBD1DF648FF005EEA29 /* Resources */ = {
			isa = PBXResourcesBuildPhase;
			buildActionMask = 2147483647;
			files = (
				DE304BCD1DF64900005EEA29 /* LaunchScreen.storyboard in Resources */,
				DE304BCA1DF64900005EEA29 /* Assets.xcassets in Resources */,
				DE304BC81DF64900005EEA29 /* Main.storyboard in Resources */,
			);
			runOnlyForDeploymentPostprocessing = 0;
		};
/* End PBXResourcesBuildPhase section */

/* Begin PBXSourcesBuildPhase section */
		DE304BBB1DF648FF005EEA29 /* Sources */ = {
			isa = PBXSourcesBuildPhase;
			buildActionMask = 2147483647;
			files = (
				DE304BC51DF64900005EEA29 /* ViewController.swift in Sources */,
				DE304BC31DF64900005EEA29 /* AppDelegate.swift in Sources */,
				DEE27D961DF65EE30092C134 /* SubjectsViewController.swift in Sources */,
			);
			runOnlyForDeploymentPostprocessing = 0;
		};
/* End PBXSourcesBuildPhase section */

/* Begin PBXVariantGroup section */
		DE304BC61DF64900005EEA29 /* Main.storyboard */ = {
			isa = PBXVariantGroup;
			children = (
				DE304BC71DF64900005EEA29 /* Base */,
			);
			name = Main.storyboard;
			sourceTree = "<group>";
		};
		DE304BCB1DF64900005EEA29 /* LaunchScreen.storyboard */ = {
			isa = PBXVariantGroup;
			children = (
				DE304BCC1DF64900005EEA29 /* Base */,
			);
			name = LaunchScreen.storyboard;
			sourceTree = "<group>";
		};
/* End PBXVariantGroup section */

/* Begin XCBuildConfiguration section */
		DE304BCF1DF64900005EEA29 /* Debug */ = {
			isa = XCBuildConfiguration;
			buildSettings = {
				ALWAYS_SEARCH_USER_PATHS = NO;
				CLANG_ANALYZER_NONNULL = YES;
				CLANG_CXX_LANGUAGE_STANDARD = "gnu++0x";
				CLANG_CXX_LIBRARY = "libc++";
				CLANG_ENABLE_MODULES = YES;
				CLANG_ENABLE_OBJC_ARC = YES;
				CLANG_WARN_BOOL_CONVERSION = YES;
				CLANG_WARN_CONSTANT_CONVERSION = YES;
				CLANG_WARN_DIRECT_OBJC_ISA_USAGE = YES_ERROR;
				CLANG_WARN_DOCUMENTATION_COMMENTS = YES;
				CLANG_WARN_EMPTY_BODY = YES;
				CLANG_WARN_ENUM_CONVERSION = YES;
				CLANG_WARN_INFINITE_RECURSION = YES;
				CLANG_WARN_INT_CONVERSION = YES;
				CLANG_WARN_OBJC_ROOT_CLASS = YES_ERROR;
				CLANG_WARN_SUSPICIOUS_MOVES = YES;
				CLANG_WARN_UNREACHABLE_CODE = YES;
				CLANG_WARN__DUPLICATE_METHOD_MATCH = YES;
				"CODE_SIGN_IDENTITY[sdk=iphoneos*]" = "iPhone Developer";
				COPY_PHASE_STRIP = NO;
				DEBUG_INFORMATION_FORMAT = dwarf;
				ENABLE_STRICT_OBJC_MSGSEND = YES;
				ENABLE_TESTABILITY = YES;
				GCC_C_LANGUAGE_STANDARD = gnu99;
				GCC_DYNAMIC_NO_PIC = NO;
				GCC_NO_COMMON_BLOCKS = YES;
				GCC_OPTIMIZATION_LEVEL = 0;
				GCC_PREPROCESSOR_DEFINITIONS = (
					"DEBUG=1",
					"$(inherited)",
				);
				GCC_WARN_64_TO_32_BIT_CONVERSION = YES;
				GCC_WARN_ABOUT_RETURN_TYPE = YES_ERROR;
				GCC_WARN_UNDECLARED_SELECTOR = YES;
				GCC_WARN_UNINITIALIZED_AUTOS = YES_AGGRESSIVE;
				GCC_WARN_UNUSED_FUNCTION = YES;
				GCC_WARN_UNUSED_VARIABLE = YES;
				IPHONEOS_DEPLOYMENT_TARGET = 10.0;
				MTL_ENABLE_DEBUG_INFO = YES;
				ONLY_ACTIVE_ARCH = YES;
				SDKROOT = iphoneos;
				SWIFT_ACTIVE_COMPILATION_CONDITIONS = DEBUG;
				SWIFT_OPTIMIZATION_LEVEL = "-Onone";
				TARGETED_DEVICE_FAMILY = "1,2";
			};
			name = Debug;
		};
		DE304BD01DF64900005EEA29 /* Release */ = {
			isa = XCBuildConfiguration;
			buildSettings = {
				ALWAYS_SEARCH_USER_PATHS = NO;
				CLANG_ANALYZER_NONNULL = YES;
				CLANG_CXX_LANGUAGE_STANDARD = "gnu++0x";
				CLANG_CXX_LIBRARY = "libc++";
				CLANG_ENABLE_MODULES = YES;
				CLANG_ENABLE_OBJC_ARC = YES;
				CLANG_WARN_BOOL_CONVERSION = YES;
				CLANG_WARN_CONSTANT_CONVERSION = YES;
				CLANG_WARN_DIRECT_OBJC_ISA_USAGE = YES_ERROR;
				CLANG_WARN_DOCUMENTATION_COMMENTS = YES;
				CLANG_WARN_EMPTY_BODY = YES;
				CLANG_WARN_ENUM_CONVERSION = YES;
				CLANG_WARN_INFINITE_RECURSION = YES;
				CLANG_WARN_INT_CONVERSION = YES;
				CLANG_WARN_OBJC_ROOT_CLASS = YES_ERROR;
				CLANG_WARN_SUSPICIOUS_MOVES = YES;
				CLANG_WARN_UNREACHABLE_CODE = YES;
				CLANG_WARN__DUPLICATE_METHOD_MATCH = YES;
				"CODE_SIGN_IDENTITY[sdk=iphoneos*]" = "iPhone Developer";
				COPY_PHASE_STRIP = NO;
				DEBUG_INFORMATION_FORMAT = "dwarf-with-dsym";
				ENABLE_NS_ASSERTIONS = NO;
				ENABLE_STRICT_OBJC_MSGSEND = YES;
				GCC_C_LANGUAGE_STANDARD = gnu99;
				GCC_NO_COMMON_BLOCKS = YES;
				GCC_WARN_64_TO_32_BIT_CONVERSION = YES;
				GCC_WARN_ABOUT_RETURN_TYPE = YES_ERROR;
				GCC_WARN_UNDECLARED_SELECTOR = YES;
				GCC_WARN_UNINITIALIZED_AUTOS = YES_AGGRESSIVE;
				GCC_WARN_UNUSED_FUNCTION = YES;
				GCC_WARN_UNUSED_VARIABLE = YES;
				IPHONEOS_DEPLOYMENT_TARGET = 10.0;
				MTL_ENABLE_DEBUG_INFO = NO;
				SDKROOT = iphoneos;
				SWIFT_OPTIMIZATION_LEVEL = "-Owholemodule";
				TARGETED_DEVICE_FAMILY = "1,2";
				VALIDATE_PRODUCT = YES;
			};
			name = Release;
		};
		DE304BD21DF64900005EEA29 /* Debug */ = {
			isa = XCBuildConfiguration;
			buildSettings = {
				ASSETCATALOG_COMPILER_APPICON_NAME = AppIcon;
				DEVELOPMENT_TEAM = WEBUB3D3P3;
				INFOPLIST_FILE = Lernie/Info.plist;
				LD_RUNPATH_SEARCH_PATHS = "$(inherited) @executable_path/Frameworks";
				PRODUCT_BUNDLE_IDENTIFIER = com.rsurjadi.Lernie;
				PRODUCT_NAME = "$(TARGET_NAME)";
				SWIFT_VERSION = 3.0;
			};
			name = Debug;
		};
		DE304BD31DF64900005EEA29 /* Release */ = {
			isa = XCBuildConfiguration;
			buildSettings = {
				ASSETCATALOG_COMPILER_APPICON_NAME = AppIcon;
				DEVELOPMENT_TEAM = WEBUB3D3P3;
				INFOPLIST_FILE = Lernie/Info.plist;
				LD_RUNPATH_SEARCH_PATHS = "$(inherited) @executable_path/Frameworks";
				PRODUCT_BUNDLE_IDENTIFIER = com.rsurjadi.Lernie;
				PRODUCT_NAME = "$(TARGET_NAME)";
				SWIFT_VERSION = 3.0;
			};
			name = Release;
		};
/* End XCBuildConfiguration section */

/* Begin XCConfigurationList section */
		DE304BBA1DF648FF005EEA29 /* Build configuration list for PBXProject "Lernie" */ = {
			isa = XCConfigurationList;
			buildConfigurations = (
				DE304BCF1DF64900005EEA29 /* Debug */,
				DE304BD01DF64900005EEA29 /* Release */,
			);
			defaultConfigurationIsVisible = 0;
			defaultConfigurationName = Release;
		};
		DE304BD11DF64900005EEA29 /* Build configuration list for PBXNativeTarget "Lernie" */ = {
			isa = XCConfigurationList;
			buildConfigurations = (
				DE304BD21DF64900005EEA29 /* Debug */,
				DE304BD31DF64900005EEA29 /* Release */,
			);
			defaultConfigurationIsVisible = 0;
			defaultConfigurationName = Release;
		};
/* End XCConfigurationList section */
	};
	rootObject = DE304BB71DF648FF005EEA29 /* Project object */;
}
